
Microsoft Visual Studio Solution File, Format Version 12.00
# Visual Studio Version 16
VisualStudioVersion = 16.0.29519.87
MinimumVisualStudioVersion = 10.0.40219.1
Project("{8BC9CEB8-8B4A-11D0-8D11-00A0C91BC942}") = "TQueue", "TQueue\TQueue.vcxproj", "{B259D4AB-B696-4631-9DCD-203E5FFF8A93}"
EndProject
Project("{8BC9CEB8-8B4A-11D0-8D11-00A0C91BC942}") = "CppWinForm1", "Буфер\CppWinForm1.vcxproj", "{9696B190-8A31-45BA-A43E-0287102EF438}"
EndProject
Project("{8BC9CEB8-8B4A-11D0-8D11-00A0C91BC942}") = "Test-for-queue-and-buffer", "Test-for-queue-and-buffer\Test-for-queue-and-buffer.vcxproj", "{67A5D18B-6D21-4A3A-8B62-609E324AF267}"
EndProject
Global
	GlobalSection(SolutionConfigurationPlatforms) = preSolution
		Debug|x64 = Debug|x64
		Debug|x86 = Debug|x86
		Release|x64 = Release|x64
		Release|x86 = Release|x86
	EndGlobalSection
	GlobalSection(ProjectConfigurationPlatforms) = postSolution
		{B259D4AB-B696-4631-9DCD-203E5FFF8A93}.Debug|x64.ActiveCfg = Debug|x64
		{B259D4AB-B696-4631-9DCD-203E5FFF8A93}.Debug|x64.Build.0 = Debug|x64
		{B259D4AB-B696-4631-9DCD-203E5FFF8A93}.Debug|x86.ActiveCfg = Debug|Win32
		{B259D4AB-B696-4631-9DCD-203E5FFF8A93}.Debug|x86.Build.0 = Debug|Win32
		{B259D4AB-B696-4631-9DCD-203E5FFF8A93}.Release|x64.ActiveCfg = Release|x64
		{B259D4AB-B696-4631-9DCD-203E5FFF8A93}.Release|x64.Build.0 = Release|x64
		{B259D4AB-B696-4631-9DCD-203E5FFF8A93}.Release|x86.ActiveCfg = Release|Win32
		{B259D4AB-B696-4631-9DCD-203E5FFF8A93}.Release|x86.Build.0 = Release|Win32
		{9696B190-8A31-45BA-A43E-0287102EF438}.Debug|x64.ActiveCfg = Debug|x64
		{9696B190-8A31-45BA-A43E-0287102EF438}.Debug|x64.Build.0 = Debug|x64
		{9696B190-8A31-45BA-A43E-0287102EF438}.Debug|x86.ActiveCfg = Debug|Win32
		{9696B190-8A31-45BA-A43E-0287102EF438}.Debug|x86.Build.0 = Debug|Win32
		{9696B190-8A31-45BA-A43E-0287102EF438}.Release|x64.ActiveCfg = Release|x64
		{9696B190-8A31-45BA-A43E-0287102EF438}.Release|x64.Build.0 = Release|x64
		{9696B190-8A31-45BA-A43E-0287102EF438}.Release|x86.ActiveCfg = Release|Win32
		{9696B190-8A31-45BA-A43E-0287102EF438}.Release|x86.Build.0 = Release|Win32
		{67A5D18B-6D21-4A3A-8B62-609E324AF267}.Debug|x64.ActiveCfg = Debug|x64
		{67A5D18B-6D21-4A3A-8B62-609E324AF267}.Debug|x64.Build.0 = Debug|x64
		{67A5D18B-6D21-4A3A-8B62-609E324AF267}.Debug|x86.ActiveCfg = Debug|Win32
		{67A5D18B-6D21-4A3A-8B62-609E324AF267}.Debug|x86.Build.0 = Debug|Win32
		{67A5D18B-6D21-4A3A-8B62-609E324AF267}.Release|x64.ActiveCfg = Release|x64
		{67A5D18B-6D21-4A3A-8B62-609E324AF267}.Release|x64.Build.0 = Release|x64
		{67A5D18B-6D21-4A3A-8B62-609E324AF267}.Release|x86.ActiveCfg = Release|Win32
		{67A5D18B-6D21-4A3A-8B62-609E324AF267}.Release|x86.Build.0 = Release|Win32
	EndGlobalSection
	GlobalSection(SolutionProperties) = preSolution
		HideSolutionNode = FALSE
	EndGlobalSection
	GlobalSection(ExtensibilityGlobals) = postSolution
		SolutionGuid = {5AE5E1EB-38CF-434A-8F7D-FFEC6902F419}
	EndGlobalSection
EndGlobal
